// !$*UTF8*$!
{
	archiveVersion = 1;
	classes = {
	};
	objectVersion = 46;
	objects = {

/* Begin PBXBuildFile section */
		80192DF02337719F00222EFF /* LaunchViewController.m in Sources */ = {isa = PBXBuildFile; fileRef = 80192DEF2337719F00222EFF /* LaunchViewController.m */; };
		80E59F9A2331D97A00AC5500 /* SYGuideView.m in Sources */ = {isa = PBXBuildFile; fileRef = 80E59F992331D97A00AC5500 /* SYGuideView.m */; };
		80F9C9E7232F68B000F36974 /* guideImage_32.png in Resources */ = {isa = PBXBuildFile; fileRef = 80F9C9E3232F68B000F36974 /* guideImage_32.png */; };
		80F9C9E8232F68B000F36974 /* guideImage_31.png in Resources */ = {isa = PBXBuildFile; fileRef = 80F9C9E4232F68B000F36974 /* guideImage_31.png */; };
		80F9C9E9232F68B000F36974 /* guideImage_33.png in Resources */ = {isa = PBXBuildFile; fileRef = 80F9C9E5232F68B000F36974 /* guideImage_33.png */; };
		80F9C9EA232F68B000F36974 /* guideImage_34.png in Resources */ = {isa = PBXBuildFile; fileRef = 80F9C9E6232F68B000F36974 /* guideImage_34.png */; };
		80F9C9EF232F68B700F36974 /* guideImage_23.png in Resources */ = {isa = PBXBuildFile; fileRef = 80F9C9EB232F68B700F36974 /* guideImage_23.png */; };
		80F9C9F0232F68B700F36974 /* guideImage_21.png in Resources */ = {isa = PBXBuildFile; fileRef = 80F9C9EC232F68B700F36974 /* guideImage_21.png */; };
		80F9C9F1232F68B700F36974 /* guideImage_22.png in Resources */ = {isa = PBXBuildFile; fileRef = 80F9C9ED232F68B700F36974 /* guideImage_22.png */; };
		80F9C9F2232F68B700F36974 /* guideImage_24.png in Resources */ = {isa = PBXBuildFile; fileRef = 80F9C9EE232F68B700F36974 /* guideImage_24.png */; };
		80F9C9F7232F68BD00F36974 /* guideImage_41.png in Resources */ = {isa = PBXBuildFile; fileRef = 80F9C9F3232F68BD00F36974 /* guideImage_41.png */; };
		80F9C9F8232F68BD00F36974 /* guideImage_43.png in Resources */ = {isa = PBXBuildFile; fileRef = 80F9C9F4232F68BD00F36974 /* guideImage_43.png */; };
		80F9C9F9232F68BD00F36974 /* guideImage_44.png in Resources */ = {isa = PBXBuildFile; fileRef = 80F9C9F5232F68BD00F36974 /* guideImage_44.png */; };
		80F9C9FA232F68BD00F36974 /* guideImage_42.png in Resources */ = {isa = PBXBuildFile; fileRef = 80F9C9F6232F68BD00F36974 /* guideImage_42.png */; };
		80F9C9FF232F68CC00F36974 /* guideImage_11.png in Resources */ = {isa = PBXBuildFile; fileRef = 80F9C9FB232F68CC00F36974 /* guideImage_11.png */; };
		80F9CA00232F68CC00F36974 /* guideImage_14.png in Resources */ = {isa = PBXBuildFile; fileRef = 80F9C9FC232F68CC00F36974 /* guideImage_14.png */; };
		80F9CA01232F68CC00F36974 /* guideImage_13.png in Resources */ = {isa = PBXBuildFile; fileRef = 80F9C9FD232F68CC00F36974 /* guideImage_13.png */; };
		80F9CA02232F68CC00F36974 /* guideImage_12.png in Resources */ = {isa = PBXBuildFile; fileRef = 80F9C9FE232F68CC00F36974 /* guideImage_12.png */; };
		80F9D74B2330E67A00F36974 /* denza.mp4 in Resources */ = {isa = PBXBuildFile; fileRef = 80F9D74A2330E67900F36974 /* denza.mp4 */; };
		80F9D74D2331C62B00F36974 /* denza.png in Resources */ = {isa = PBXBuildFile; fileRef = 80F9D74C2331C62B00F36974 /* denza.png */; };
		A7A3A6A21B871DFA00939080 /* main.m in Sources */ = {isa = PBXBuildFile; fileRef = A7A3A6A11B871DFA00939080 /* main.m */; };
		A7A3A6A51B871DFA00939080 /* AppDelegate.m in Sources */ = {isa = PBXBuildFile; fileRef = A7A3A6A41B871DFA00939080 /* AppDelegate.m */; };
		A7A3A6A81B871DFA00939080 /* ViewController.m in Sources */ = {isa = PBXBuildFile; fileRef = A7A3A6A71B871DFA00939080 /* ViewController.m */; };
		A7A3A6AB1B871DFA00939080 /* Main.storyboard in Resources */ = {isa = PBXBuildFile; fileRef = A7A3A6A91B871DFA00939080 /* Main.storyboard */; };
		A7A3A6AD1B871DFA00939080 /* Images.xcassets in Resources */ = {isa = PBXBuildFile; fileRef = A7A3A6AC1B871DFA00939080 /* Images.xcassets */; };
		A7A3A6B01B871DFA00939080 /* LaunchScreen.xib in Resources */ = {isa = PBXBuildFile; fileRef = A7A3A6AE1B871DFA00939080 /* LaunchScreen.xib */; };
		A7A3A6BC1B871DFA00939080 /* DemoGuidePageTests.m in Sources */ = {isa = PBXBuildFile; fileRef = A7A3A6BB1B871DFA00939080 /* DemoGuidePageTests.m */; };
		A7A3A6CD1B87248700939080 /* guideImage_1_750x1334.png in Resources */ = {isa = PBXBuildFile; fileRef = A7A3A6C91B87248700939080 /* guideImage_1_750x1334.png */; };
		A7A3A6CE1B87248700939080 /* guideImage_2_750x1334.png in Resources */ = {isa = PBXBuildFile; fileRef = A7A3A6CA1B87248700939080 /* guideImage_2_750x1334.png */; };
		A7A3A6CF1B87248700939080 /* guideImage_3_750x1334.png in Resources */ = {isa = PBXBuildFile; fileRef = A7A3A6CB1B87248700939080 /* guideImage_3_750x1334.png */; };
		A7A3A6D01B87248700939080 /* guideImage_4_750x1334.png in Resources */ = {isa = PBXBuildFile; fileRef = A7A3A6CC1B87248700939080 /* guideImage_4_750x1334.png */; };
		A7A3A6DD1B8729B300939080 /* guideImage_1_640x960.png in Resources */ = {isa = PBXBuildFile; fileRef = A7A3A6D11B8729B300939080 /* guideImage_1_640x960.png */; };
		A7A3A6DE1B8729B300939080 /* guideImage_1_640x1136.png in Resources */ = {isa = PBXBuildFile; fileRef = A7A3A6D21B8729B300939080 /* guideImage_1_640x1136.png */; };
		A7A3A6DF1B8729B300939080 /* guideImage_1_1242x2208.png in Resources */ = {isa = PBXBuildFile; fileRef = A7A3A6D31B8729B300939080 /* guideImage_1_1242x2208.png */; };
		A7A3A6E01B8729B300939080 /* guideImage_2_640x960.png in Resources */ = {isa = PBXBuildFile; fileRef = A7A3A6D41B8729B300939080 /* guideImage_2_640x960.png */; };
		A7A3A6E11B8729B300939080 /* guideImage_2_640x1136.png in Resources */ = {isa = PBXBuildFile; fileRef = A7A3A6D51B8729B300939080 /* guideImage_2_640x1136.png */; };
		A7A3A6E21B8729B300939080 /* guideImage_2_1242x2208.png in Resources */ = {isa = PBXBuildFile; fileRef = A7A3A6D61B8729B300939080 /* guideImage_2_1242x2208.png */; };
		A7A3A6E31B8729B300939080 /* guideImage_3_640x960.png in Resources */ = {isa = PBXBuildFile; fileRef = A7A3A6D71B8729B300939080 /* guideImage_3_640x960.png */; };
		A7A3A6E41B8729B300939080 /* guideImage_3_640x1136.png in Resources */ = {isa = PBXBuildFile; fileRef = A7A3A6D81B8729B300939080 /* guideImage_3_640x1136.png */; };
		A7A3A6E51B8729B300939080 /* guideImage_3_1242x2208.png in Resources */ = {isa = PBXBuildFile; fileRef = A7A3A6D91B8729B300939080 /* guideImage_3_1242x2208.png */; };
		A7A3A6E61B8729B300939080 /* guideImage_4_640x960.png in Resources */ = {isa = PBXBuildFile; fileRef = A7A3A6DA1B8729B300939080 /* guideImage_4_640x960.png */; };
		A7A3A6E71B8729B300939080 /* guideImage_4_640x1136.png in Resources */ = {isa = PBXBuildFile; fileRef = A7A3A6DB1B8729B300939080 /* guideImage_4_640x1136.png */; };
		A7A3A6E81B8729B300939080 /* guideImage_4_1242x2208.png in Resources */ = {isa = PBXBuildFile; fileRef = A7A3A6DC1B8729B300939080 /* guideImage_4_1242x2208.png */; };
/* End PBXBuildFile section */

/* Begin PBXContainerItemProxy section */
		A7A3A6B61B871DFA00939080 /* PBXContainerItemProxy */ = {
			isa = PBXContainerItemProxy;
			containerPortal = A7A3A6941B871DFA00939080 /* Project object */;
			proxyType = 1;
			remoteGlobalIDString = A7A3A69B1B871DFA00939080;
			remoteInfo = DemoGuidePage;
		};
/* End PBXContainerItemProxy section */

/* Begin PBXFileReference section */
		80192DEE2337719F00222EFF /* LaunchViewController.h */ = {isa = PBXFileReference; lastKnownFileType = sourcecode.c.h; path = LaunchViewController.h; sourceTree = "<group>"; };
		80192DEF2337719F00222EFF /* LaunchViewController.m */ = {isa = PBXFileReference; lastKnownFileType = sourcecode.c.objc; path = LaunchViewController.m; sourceTree = "<group>"; };
		80192DF1233774B800222EFF /* SYGuideViewDelegate.h */ = {isa = PBXFileReference; lastKnownFileType = sourcecode.c.h; path = SYGuideViewDelegate.h; sourceTree = "<group>"; };
		80E59F982331D97A00AC5500 /* SYGuideView.h */ = {isa = PBXFileReference; fileEncoding = 4; lastKnownFileType = sourcecode.c.h; path = SYGuideView.h; sourceTree = "<group>"; };
		80E59F992331D97A00AC5500 /* SYGuideView.m */ = {isa = PBXFileReference; fileEncoding = 4; lastKnownFileType = sourcecode.c.objc; path = SYGuideView.m; sourceTree = "<group>"; };
		80F9C9E3232F68B000F36974 /* guideImage_32.png */ = {isa = PBXFileReference; lastKnownFileType = image.png; path = guideImage_32.png; sourceTree = "<group>"; };
		80F9C9E4232F68B000F36974 /* guideImage_31.png */ = {isa = PBXFileReference; lastKnownFileType = image.png; path = guideImage_31.png; sourceTree = "<group>"; };
		80F9C9E5232F68B000F36974 /* guideImage_33.png */ = {isa = PBXFileReference; lastKnownFileType = image.png; path = guideImage_33.png; sourceTree = "<group>"; };
		80F9C9E6232F68B000F36974 /* guideImage_34.png */ = {isa = PBXFileReference; lastKnownFileType = image.png; path = guideImage_34.png; sourceTree = "<group>"; };
		80F9C9EB232F68B700F36974 /* guideImage_23.png */ = {isa = PBXFileReference; lastKnownFileType = image.png; path = guideImage_23.png; sourceTree = "<group>"; };
		80F9C9EC232F68B700F36974 /* guideImage_21.png */ = {isa = PBXFileReference; lastKnownFileType = image.png; path = guideImage_21.png; sourceTree = "<group>"; };
		80F9C9ED232F68B700F36974 /* guideImage_22.png */ = {isa = PBXFileReference; lastKnownFileType = image.png; path = guideImage_22.png; sourceTree = "<group>"; };
		80F9C9EE232F68B700F36974 /* guideImage_24.png */ = {isa = PBXFileReference; lastKnownFileType = image.png; path = guideImage_24.png; sourceTree = "<group>"; };
		80F9C9F3232F68BD00F36974 /* guideImage_41.png */ = {isa = PBXFileReference; lastKnownFileType = image.png; path = guideImage_41.png; sourceTree = "<group>"; };
		80F9C9F4232F68BD00F36974 /* guideImage_43.png */ = {isa = PBXFileReference; lastKnownFileType = image.png; path = guideImage_43.png; sourceTree = "<group>"; };
		80F9C9F5232F68BD00F36974 /* guideImage_44.png */ = {isa = PBXFileReference; lastKnownFileType = image.png; path = guideImage_44.png; sourceTree = "<group>"; };
		80F9C9F6232F68BD00F36974 /* guideImage_42.png */ = {isa = PBXFileReference; lastKnownFileType = image.png; path = guideImage_42.png; sourceTree = "<group>"; };
		80F9C9FB232F68CC00F36974 /* guideImage_11.png */ = {isa = PBXFileReference; lastKnownFileType = image.png; path = guideImage_11.png; sourceTree = "<group>"; };
		80F9C9FC232F68CC00F36974 /* guideImage_14.png */ = {isa = PBXFileReference; lastKnownFileType = image.png; path = guideImage_14.png; sourceTree = "<group>"; };
		80F9C9FD232F68CC00F36974 /* guideImage_13.png */ = {isa = PBXFileReference; lastKnownFileType = image.png; path = guideImage_13.png; sourceTree = "<group>"; };
		80F9C9FE232F68CC00F36974 /* guideImage_12.png */ = {isa = PBXFileReference; lastKnownFileType = image.png; path = guideImage_12.png; sourceTree = "<group>"; };
		80F9D74A2330E67900F36974 /* denza.mp4 */ = {isa = PBXFileReference; lastKnownFileType = file; path = denza.mp4; sourceTree = "<group>"; };
		80F9D74C2331C62B00F36974 /* denza.png */ = {isa = PBXFileReference; lastKnownFileType = image.png; path = denza.png; sourceTree = "<group>"; };
		A7A3A69C1B871DFA00939080 /* DemoGuidePage.app */ = {isa = PBXFileReference; explicitFileType = wrapper.application; includeInIndex = 0; path = DemoGuidePage.app; sourceTree = BUILT_PRODUCTS_DIR; };
		A7A3A6A01B871DFA00939080 /* Info.plist */ = {isa = PBXFileReference; lastKnownFileType = text.plist.xml; path = Info.plist; sourceTree = "<group>"; };
		A7A3A6A11B871DFA00939080 /* main.m */ = {isa = PBXFileReference; lastKnownFileType = sourcecode.c.objc; path = main.m; sourceTree = "<group>"; };
		A7A3A6A31B871DFA00939080 /* AppDelegate.h */ = {isa = PBXFileReference; lastKnownFileType = sourcecode.c.h; path = AppDelegate.h; sourceTree = "<group>"; };
		A7A3A6A41B871DFA00939080 /* AppDelegate.m */ = {isa = PBXFileReference; lastKnownFileType = sourcecode.c.objc; path = AppDelegate.m; sourceTree = "<group>"; };
		A7A3A6A61B871DFA00939080 /* ViewController.h */ = {isa = PBXFileReference; lastKnownFileType = sourcecode.c.h; path = ViewController.h; sourceTree = "<group>"; };
		A7A3A6A71B871DFA00939080 /* ViewController.m */ = {isa = PBXFileReference; lastKnownFileType = sourcecode.c.objc; path = ViewController.m; sourceTree = "<group>"; };
		A7A3A6AA1B871DFA00939080 /* Base */ = {isa = PBXFileReference; lastKnownFileType = file.storyboard; name = Base; path = Base.lproj/Main.storyboard; sourceTree = "<group>"; };
		A7A3A6AC1B871DFA00939080 /* Images.xcassets */ = {isa = PBXFileReference; lastKnownFileType = folder.assetcatalog; path = Images.xcassets; sourceTree = "<group>"; };
		A7A3A6AF1B871DFA00939080 /* Base */ = {isa = PBXFileReference; lastKnownFileType = file.xib; name = Base; path = Base.lproj/LaunchScreen.xib; sourceTree = "<group>"; };
		A7A3A6B51B871DFA00939080 /* DemoGuidePageTests.xctest */ = {isa = PBXFileReference; explicitFileType = wrapper.cfbundle; includeInIndex = 0; path = DemoGuidePageTests.xctest; sourceTree = BUILT_PRODUCTS_DIR; };
		A7A3A6BA1B871DFA00939080 /* Info.plist */ = {isa = PBXFileReference; lastKnownFileType = text.plist.xml; path = Info.plist; sourceTree = "<group>"; };
		A7A3A6BB1B871DFA00939080 /* DemoGuidePageTests.m */ = {isa = PBXFileReference; lastKnownFileType = sourcecode.c.objc; path = DemoGuidePageTests.m; sourceTree = "<group>"; };
		A7A3A6C91B87248700939080 /* guideImage_1_750x1334.png */ = {isa = PBXFileReference; lastKnownFileType = image.png; path = guideImage_1_750x1334.png; sourceTree = "<group>"; };
		A7A3A6CA1B87248700939080 /* guideImage_2_750x1334.png */ = {isa = PBXFileReference; lastKnownFileType = image.png; path = guideImage_2_750x1334.png; sourceTree = "<group>"; };
		A7A3A6CB1B87248700939080 /* guideImage_3_750x1334.png */ = {isa = PBXFileReference; lastKnownFileType = image.png; path = guideImage_3_750x1334.png; sourceTree = "<group>"; };
		A7A3A6CC1B87248700939080 /* guideImage_4_750x1334.png */ = {isa = PBXFileReference; lastKnownFileType = image.png; path = guideImage_4_750x1334.png; sourceTree = "<group>"; };
		A7A3A6D11B8729B300939080 /* guideImage_1_640x960.png */ = {isa = PBXFileReference; lastKnownFileType = image.png; path = guideImage_1_640x960.png; sourceTree = "<group>"; };
		A7A3A6D21B8729B300939080 /* guideImage_1_640x1136.png */ = {isa = PBXFileReference; lastKnownFileType = image.png; path = guideImage_1_640x1136.png; sourceTree = "<group>"; };
		A7A3A6D31B8729B300939080 /* guideImage_1_1242x2208.png */ = {isa = PBXFileReference; lastKnownFileType = image.png; path = guideImage_1_1242x2208.png; sourceTree = "<group>"; };
		A7A3A6D41B8729B300939080 /* guideImage_2_640x960.png */ = {isa = PBXFileReference; lastKnownFileType = image.png; path = guideImage_2_640x960.png; sourceTree = "<group>"; };
		A7A3A6D51B8729B300939080 /* guideImage_2_640x1136.png */ = {isa = PBXFileReference; lastKnownFileType = image.png; path = guideImage_2_640x1136.png; sourceTree = "<group>"; };
		A7A3A6D61B8729B300939080 /* guideImage_2_1242x2208.png */ = {isa = PBXFileReference; lastKnownFileType = image.png; path = guideImage_2_1242x2208.png; sourceTree = "<group>"; };
		A7A3A6D71B8729B300939080 /* guideImage_3_640x960.png */ = {isa = PBXFileReference; lastKnownFileType = image.png; path = guideImage_3_640x960.png; sourceTree = "<group>"; };
		A7A3A6D81B8729B300939080 /* guideImage_3_640x1136.png */ = {isa = PBXFileReference; lastKnownFileType = image.png; path = guideImage_3_640x1136.png; sourceTree = "<group>"; };
		A7A3A6D91B8729B300939080 /* guideImage_3_1242x2208.png */ = {isa = PBXFileReference; lastKnownFileType = image.png; path = guideImage_3_1242x2208.png; sourceTree = "<group>"; };
		A7A3A6DA1B8729B300939080 /* guideImage_4_640x960.png */ = {isa = PBXFileReference; lastKnownFileType = image.png; path = guideImage_4_640x960.png; sourceTree = "<group>"; };
		A7A3A6DB1B8729B300939080 /* guideImage_4_640x1136.png */ = {isa = PBXFileReference; lastKnownFileType = image.png; path = guideImage_4_640x1136.png; sourceTree = "<group>"; };
		A7A3A6DC1B8729B300939080 /* guideImage_4_1242x2208.png */ = {isa = PBXFileReference; lastKnownFileType = image.png; path = guideImage_4_1242x2208.png; sourceTree = "<group>"; };
/* End PBXFileReference section */

/* Begin PBXFrameworksBuildPhase section */
		A7A3A6991B871DFA00939080 /* Frameworks */ = {
			isa = PBXFrameworksBuildPhase;
			buildActionMask = 2147483647;
			files = (
			);
			runOnlyForDeploymentPostprocessing = 0;
		};
		A7A3A6B21B871DFA00939080 /* Frameworks */ = {
			isa = PBXFrameworksBuildPhase;
			buildActionMask = 2147483647;
			files = (
			);
			runOnlyForDeploymentPostprocessing = 0;
		};
/* End PBXFrameworksBuildPhase section */

/* Begin PBXGroup section */
		80F9C9BE232F682600F36974 /* images */ = {
			isa = PBXGroup;
			children = (
				80F9C9BF232F682600F36974 /* image750x1334 */,
				80F9C9C4232F682600F36974 /* image640x1136 */,
				80F9C9C9232F682600F36974 /* image1242x2208 */,
				80F9C9CE232F682600F36974 /* image640x960 */,
			);
			path = images;
			sourceTree = "<group>";
		};
		80F9C9BF232F682600F36974 /* image750x1334 */ = {
			isa = PBXGroup;
			children = (
				80F9C9E4232F68B000F36974 /* guideImage_31.png */,
				80F9C9E3232F68B000F36974 /* guideImage_32.png */,
				80F9C9E5232F68B000F36974 /* guideImage_33.png */,
				80F9C9E6232F68B000F36974 /* guideImage_34.png */,
			);
			path = image750x1334;
			sourceTree = "<group>";
		};
		80F9C9C4232F682600F36974 /* image640x1136 */ = {
			isa = PBXGroup;
			children = (
				80F9C9EC232F68B700F36974 /* guideImage_21.png */,
				80F9C9ED232F68B700F36974 /* guideImage_22.png */,
				80F9C9EB232F68B700F36974 /* guideImage_23.png */,
				80F9C9EE232F68B700F36974 /* guideImage_24.png */,
			);
			path = image640x1136;
			sourceTree = "<group>";
		};
		80F9C9C9232F682600F36974 /* image1242x2208 */ = {
			isa = PBXGroup;
			children = (
				80F9C9F3232F68BD00F36974 /* guideImage_41.png */,
				80F9C9F6232F68BD00F36974 /* guideImage_42.png */,
				80F9C9F4232F68BD00F36974 /* guideImage_43.png */,
				80F9C9F5232F68BD00F36974 /* guideImage_44.png */,
			);
			path = image1242x2208;
			sourceTree = "<group>";
		};
		80F9C9CE232F682600F36974 /* image640x960 */ = {
			isa = PBXGroup;
			children = (
				80F9C9FB232F68CC00F36974 /* guideImage_11.png */,
				80F9C9FE232F68CC00F36974 /* guideImage_12.png */,
				80F9C9FD232F68CC00F36974 /* guideImage_13.png */,
				80F9C9FC232F68CC00F36974 /* guideImage_14.png */,
			);
			path = image640x960;
			sourceTree = "<group>";
		};
		A7A2C9AA1F1468630007C32B /* SYGuideView */ = {
			isa = PBXGroup;
			children = (
				80E59F982331D97A00AC5500 /* SYGuideView.h */,
				80E59F992331D97A00AC5500 /* SYGuideView.m */,
				80192DF1233774B800222EFF /* SYGuideViewDelegate.h */,
			);
			name = SYGuideView;
			path = ../../SYGuideView;
			sourceTree = "<group>";
		};
		A7A3A6931B871DFA00939080 = {
			isa = PBXGroup;
			children = (
				A7A3A69E1B871DFA00939080 /* DemoGuidePage */,
				A7A3A6B81B871DFA00939080 /* DemoGuidePageTests */,
				A7A3A69D1B871DFA00939080 /* Products */,
			);
			sourceTree = "<group>";
		};
		A7A3A69D1B871DFA00939080 /* Products */ = {
			isa = PBXGroup;
			children = (
				A7A3A69C1B871DFA00939080 /* DemoGuidePage.app */,
				A7A3A6B51B871DFA00939080 /* DemoGuidePageTests.xctest */,
			);
			name = Products;
			sourceTree = "<group>";
		};
		A7A3A69E1B871DFA00939080 /* DemoGuidePage */ = {
			isa = PBXGroup;
			children = (
				A7A3A6A31B871DFA00939080 /* AppDelegate.h */,
				A7A3A6A41B871DFA00939080 /* AppDelegate.m */,
				A7A3A6A61B871DFA00939080 /* ViewController.h */,
				A7A3A6A71B871DFA00939080 /* ViewController.m */,
				80192DEE2337719F00222EFF /* LaunchViewController.h */,
				80192DEF2337719F00222EFF /* LaunchViewController.m */,
				80F9D74C2331C62B00F36974 /* denza.png */,
				80F9D74A2330E67900F36974 /* denza.mp4 */,
				80F9C9BE232F682600F36974 /* images */,
				A7A2C9AA1F1468630007C32B /* SYGuideView */,
				A7A3A6C81B87248700939080 /* GuideImage */,
				A7A3A69F1B871DFA00939080 /* Supporting Files */,
			);
			path = DemoGuidePage;
			sourceTree = "<group>";
		};
		A7A3A69F1B871DFA00939080 /* Supporting Files */ = {
			isa = PBXGroup;
			children = (
				A7A3A6A91B871DFA00939080 /* Main.storyboard */,
				A7A3A6AC1B871DFA00939080 /* Images.xcassets */,
				A7A3A6AE1B871DFA00939080 /* LaunchScreen.xib */,
				A7A3A6A01B871DFA00939080 /* Info.plist */,
				A7A3A6A11B871DFA00939080 /* main.m */,
			);
			name = "Supporting Files";
			sourceTree = "<group>";
		};
		A7A3A6B81B871DFA00939080 /* DemoGuidePageTests */ = {
			isa = PBXGroup;
			children = (
				A7A3A6BB1B871DFA00939080 /* DemoGuidePageTests.m */,
				A7A3A6B91B871DFA00939080 /* Supporting Files */,
			);
			path = DemoGuidePageTests;
			sourceTree = "<group>";
		};
		A7A3A6B91B871DFA00939080 /* Supporting Files */ = {
			isa = PBXGroup;
			children = (
				A7A3A6BA1B871DFA00939080 /* Info.plist */,
			);
			name = "Supporting Files";
			sourceTree = "<group>";
		};
		A7A3A6C81B87248700939080 /* GuideImage */ = {
			isa = PBXGroup;
			children = (
				A7A3A6D11B8729B300939080 /* guideImage_1_640x960.png */,
				A7A3A6D21B8729B300939080 /* guideImage_1_640x1136.png */,
				A7A3A6D31B8729B300939080 /* guideImage_1_1242x2208.png */,
				A7A3A6D41B8729B300939080 /* guideImage_2_640x960.png */,
				A7A3A6D51B8729B300939080 /* guideImage_2_640x1136.png */,
				A7A3A6D61B8729B300939080 /* guideImage_2_1242x2208.png */,
				A7A3A6D71B8729B300939080 /* guideImage_3_640x960.png */,
				A7A3A6D81B8729B300939080 /* guideImage_3_640x1136.png */,
				A7A3A6D91B8729B300939080 /* guideImage_3_1242x2208.png */,
				A7A3A6DA1B8729B300939080 /* guideImage_4_640x960.png */,
				A7A3A6DB1B8729B300939080 /* guideImage_4_640x1136.png */,
				A7A3A6DC1B8729B300939080 /* guideImage_4_1242x2208.png */,
				A7A3A6C91B87248700939080 /* guideImage_1_750x1334.png */,
				A7A3A6CA1B87248700939080 /* guideImage_2_750x1334.png */,
				A7A3A6CB1B87248700939080 /* guideImage_3_750x1334.png */,
				A7A3A6CC1B87248700939080 /* guideImage_4_750x1334.png */,
			);
			path = GuideImage;
			sourceTree = "<group>";
		};
/* End PBXGroup section */

/* Begin PBXNativeTarget section */
		A7A3A69B1B871DFA00939080 /* DemoGuidePage */ = {
			isa = PBXNativeTarget;
			buildConfigurationList = A7A3A6BF1B871DFA00939080 /* Build configuration list for PBXNativeTarget "DemoGuidePage" */;
			buildPhases = (
				A7A3A6981B871DFA00939080 /* Sources */,
				A7A3A6991B871DFA00939080 /* Frameworks */,
				A7A3A69A1B871DFA00939080 /* Resources */,
			);
			buildRules = (
			);
			dependencies = (
			);
			name = DemoGuidePage;
			productName = DemoGuidePage;
			productReference = A7A3A69C1B871DFA00939080 /* DemoGuidePage.app */;
			productType = "com.apple.product-type.application";
		};
		A7A3A6B41B871DFA00939080 /* DemoGuidePageTests */ = {
			isa = PBXNativeTarget;
			buildConfigurationList = A7A3A6C21B871DFA00939080 /* Build configuration list for PBXNativeTarget "DemoGuidePageTests" */;
			buildPhases = (
				A7A3A6B11B871DFA00939080 /* Sources */,
				A7A3A6B21B871DFA00939080 /* Frameworks */,
				A7A3A6B31B871DFA00939080 /* Resources */,
			);
			buildRules = (
			);
			dependencies = (
				A7A3A6B71B871DFA00939080 /* PBXTargetDependency */,
			);
			name = DemoGuidePageTests;
			productName = DemoGuidePageTests;
			productReference = A7A3A6B51B871DFA00939080 /* DemoGuidePageTests.xctest */;
			productType = "com.apple.product-type.bundle.unit-test";
		};
/* End PBXNativeTarget section */

/* Begin PBXProject section */
		A7A3A6941B871DFA00939080 /* Project object */ = {
			isa = PBXProject;
			attributes = {
				LastUpgradeCheck = 0630;
				ORGANIZATIONNAME = zhangshaoyu;
				TargetAttributes = {
					A7A3A69B1B871DFA00939080 = {
						CreatedOnToolsVersion = 6.3.2;
						DevelopmentTeam = 9YWJ3PZHZG;
						ProvisioningStyle = Manual;
					};
					A7A3A6B41B871DFA00939080 = {
						CreatedOnToolsVersion = 6.3.2;
						TestTargetID = A7A3A69B1B871DFA00939080;
					};
				};
			};
			buildConfigurationList = A7A3A6971B871DFA00939080 /* Build configuration list for PBXProject "DemoGuidePage" */;
			compatibilityVersion = "Xcode 3.2";
			developmentRegion = English;
			hasScannedForEncodings = 0;
			knownRegions = (
				English,
				en,
				Base,
			);
			mainGroup = A7A3A6931B871DFA00939080;
			productRefGroup = A7A3A69D1B871DFA00939080 /* Products */;
			projectDirPath = "";
			projectRoot = "";
			targets = (
				A7A3A69B1B871DFA00939080 /* DemoGuidePage */,
				A7A3A6B41B871DFA00939080 /* DemoGuidePageTests */,
			);
		};
/* End PBXProject section */

/* Begin PBXResourcesBuildPhase section */
		A7A3A69A1B871DFA00939080 /* Resources */ = {
			isa = PBXResourcesBuildPhase;
			buildActionMask = 2147483647;
			files = (
				A7A3A6E81B8729B300939080 /* guideImage_4_1242x2208.png in Resources */,
				A7A3A6E71B8729B300939080 /* guideImage_4_640x1136.png in Resources */,
				A7A3A6E21B8729B300939080 /* guideImage_2_1242x2208.png in Resources */,
				80F9C9F0232F68B700F36974 /* guideImage_21.png in Resources */,
				A7A3A6E61B8729B300939080 /* guideImage_4_640x960.png in Resources */,
				A7A3A6DF1B8729B300939080 /* guideImage_1_1242x2208.png in Resources */,
				A7A3A6E31B8729B300939080 /* guideImage_3_640x960.png in Resources */,
				80F9C9F7232F68BD00F36974 /* guideImage_41.png in Resources */,
				80F9C9FA232F68BD00F36974 /* guideImage_42.png in Resources */,
				80F9D74D2331C62B00F36974 /* denza.png in Resources */,
				A7A3A6E01B8729B300939080 /* guideImage_2_640x960.png in Resources */,
				80F9C9F9232F68BD00F36974 /* guideImage_44.png in Resources */,
				80F9CA01232F68CC00F36974 /* guideImage_13.png in Resources */,
				80F9C9EA232F68B000F36974 /* guideImage_34.png in Resources */,
				80F9C9E9232F68B000F36974 /* guideImage_33.png in Resources */,
				A7A3A6E11B8729B300939080 /* guideImage_2_640x1136.png in Resources */,
				A7A3A6AB1B871DFA00939080 /* Main.storyboard in Resources */,
				80F9C9E7232F68B000F36974 /* guideImage_32.png in Resources */,
				A7A3A6CF1B87248700939080 /* guideImage_3_750x1334.png in Resources */,
				80F9D74B2330E67A00F36974 /* denza.mp4 in Resources */,
				80F9C9F8232F68BD00F36974 /* guideImage_43.png in Resources */,
				A7A3A6B01B871DFA00939080 /* LaunchScreen.xib in Resources */,
				80F9C9E8232F68B000F36974 /* guideImage_31.png in Resources */,
				A7A3A6D01B87248700939080 /* guideImage_4_750x1334.png in Resources */,
				80F9CA02232F68CC00F36974 /* guideImage_12.png in Resources */,
				80F9C9F1232F68B700F36974 /* guideImage_22.png in Resources */,
				A7A3A6DE1B8729B300939080 /* guideImage_1_640x1136.png in Resources */,
				80F9C9FF232F68CC00F36974 /* guideImage_11.png in Resources */,
				A7A3A6DD1B8729B300939080 /* guideImage_1_640x960.png in Resources */,
				80F9C9EF232F68B700F36974 /* guideImage_23.png in Resources */,
				80F9C9F2232F68B700F36974 /* guideImage_24.png in Resources */,
				A7A3A6E41B8729B300939080 /* guideImage_3_640x1136.png in Resources */,
				A7A3A6E51B8729B300939080 /* guideImage_3_1242x2208.png in Resources */,
				A7A3A6AD1B871DFA00939080 /* Images.xcassets in Resources */,
				80F9CA00232F68CC00F36974 /* guideImage_14.png in Resources */,
				A7A3A6CE1B87248700939080 /* guideImage_2_750x1334.png in Resources */,
				A7A3A6CD1B87248700939080 /* guideImage_1_750x1334.png in Resources */,
			);
			runOnlyForDeploymentPostprocessing = 0;
		};
		A7A3A6B31B871DFA00939080 /* Resources */ = {
			isa = PBXResourcesBuildPhase;
			buildActionMask = 2147483647;
			files = (
			);
			runOnlyForDeploymentPostprocessing = 0;
		};
/* End PBXResourcesBuildPhase section */

/* Begin PBXSourcesBuildPhase section */
		A7A3A6981B871DFA00939080 /* Sources */ = {
			isa = PBXSourcesBuildPhase;
			buildActionMask = 2147483647;
			files = (
				A7A3A6A81B871DFA00939080 /* ViewController.m in Sources */,
				80E59F9A2331D97A00AC5500 /* SYGuideView.m in Sources */,
				A7A3A6A51B871DFA00939080 /* AppDelegate.m in Sources */,
				80192DF02337719F00222EFF /* LaunchViewController.m in Sources */,
				A7A3A6A21B871DFA00939080 /* main.m in Sources */,
			);
			runOnlyForDeploymentPostprocessing = 0;
		};
		A7A3A6B11B871DFA00939080 /* Sources */ = {
			isa = PBXSourcesBuildPhase;
			buildActionMask = 2147483647;
			files = (
				A7A3A6BC1B871DFA00939080 /* DemoGuidePageTests.m in Sources */,
			);
			runOnlyForDeploymentPostprocessing = 0;
		};
/* End PBXSourcesBuildPhase section */

/* Begin PBXTargetDependency section */
		A7A3A6B71B871DFA00939080 /* PBXTargetDependency */ = {
			isa = PBXTargetDependency;
			target = A7A3A69B1B871DFA00939080 /* DemoGuidePage */;
			targetProxy = A7A3A6B61B871DFA00939080 /* PBXContainerItemProxy */;
		};
/* End PBXTargetDependency section */

/* Begin PBXVariantGroup section */
		A7A3A6A91B871DFA00939080 /* Main.storyboard */ = {
			isa = PBXVariantGroup;
			children = (
				A7A3A6AA1B871DFA00939080 /* Base */,
			);
			name = Main.storyboard;
			sourceTree = "<group>";
		};
		A7A3A6AE1B871DFA00939080 /* LaunchScreen.xib */ = {
			isa = PBXVariantGroup;
			children = (
				A7A3A6AF1B871DFA00939080 /* Base */,
			);
			name = LaunchScreen.xib;
			sourceTree = "<group>";
		};
/* End PBXVariantGroup section */

/* Begin XCBuildConfiguration section */
		A7A3A6BD1B871DFA00939080 /* Debug */ = {
			isa = XCBuildConfiguration;
			buildSettings = {
				ALWAYS_SEARCH_USER_PATHS = NO;
				CLANG_CXX_LANGUAGE_STANDARD = "gnu++0x";
				CLANG_CXX_LIBRARY = "libc++";
				CLANG_ENABLE_MODULES = YES;
				CLANG_ENABLE_OBJC_ARC = YES;
				CLANG_WARN_BOOL_CONVERSION = YES;
				CLANG_WARN_CONSTANT_CONVERSION = YES;
				CLANG_WARN_DIRECT_OBJC_ISA_USAGE = YES_ERROR;
				CLANG_WARN_EMPTY_BODY = YES;
				CLANG_WARN_ENUM_CONVERSION = YES;
				CLANG_WARN_INT_CONVERSION = YES;
				CLANG_WARN_OBJC_ROOT_CLASS = YES_ERROR;
				CLANG_WARN_UNREACHABLE_CODE = YES;
				CLANG_WARN__DUPLICATE_METHOD_MATCH = YES;
				"CODE_SIGN_IDENTITY[sdk=iphoneos*]" = "iPhone Developer";
				COPY_PHASE_STRIP = NO;
				DEBUG_INFORMATION_FORMAT = "dwarf-with-dsym";
				ENABLE_STRICT_OBJC_MSGSEND = YES;
				GCC_C_LANGUAGE_STANDARD = gnu99;
				GCC_DYNAMIC_NO_PIC = NO;
				GCC_NO_COMMON_BLOCKS = YES;
				GCC_OPTIMIZATION_LEVEL = 0;
				GCC_PREPROCESSOR_DEFINITIONS = (
					"DEBUG=1",
					"$(inherited)",
				);
				GCC_SYMBOLS_PRIVATE_EXTERN = NO;
				GCC_WARN_64_TO_32_BIT_CONVERSION = YES;
				GCC_WARN_ABOUT_RETURN_TYPE = YES_ERROR;
				GCC_WARN_UNDECLARED_SELECTOR = YES;
				GCC_WARN_UNINITIALIZED_AUTOS = YES_AGGRESSIVE;
				GCC_WARN_UNUSED_FUNCTION = YES;
				GCC_WARN_UNUSED_VARIABLE = YES;
				IPHONEOS_DEPLOYMENT_TARGET = 8.0;
				MTL_ENABLE_DEBUG_INFO = YES;
				ONLY_ACTIVE_ARCH = YES;
				SDKROOT = iphoneos;
			};
			name = Debug;
		};
		A7A3A6BE1B871DFA00939080 /* Release */ = {
			isa = XCBuildConfiguration;
			buildSettings = {
				ALWAYS_SEARCH_USER_PATHS = NO;
				CLANG_CXX_LANGUAGE_STANDARD = "gnu++0x";
				CLANG_CXX_LIBRARY = "libc++";
				CLANG_ENABLE_MODULES = YES;
				CLANG_ENABLE_OBJC_ARC = YES;
				CLANG_WARN_BOOL_CONVERSION = YES;
				CLANG_WARN_CONSTANT_CONVERSION = YES;
				CLANG_WARN_DIRECT_OBJC_ISA_USAGE = YES_ERROR;
				CLANG_WARN_EMPTY_BODY = YES;
				CLANG_WARN_ENUM_CONVERSION = YES;
				CLANG_WARN_INT_CONVERSION = YES;
				CLANG_WARN_OBJC_ROOT_CLASS = YES_ERROR;
				CLANG_WARN_UNREACHABLE_CODE = YES;
				CLANG_WARN__DUPLICATE_METHOD_MATCH = YES;
				"CODE_SIGN_IDENTITY[sdk=iphoneos*]" = "iPhone Developer";
				COPY_PHASE_STRIP = NO;
				DEBUG_INFORMATION_FORMAT = "dwarf-with-dsym";
				ENABLE_NS_ASSERTIONS = NO;
				ENABLE_STRICT_OBJC_MSGSEND = YES;
				GCC_C_LANGUAGE_STANDARD = gnu99;
				GCC_NO_COMMON_BLOCKS = YES;
				GCC_WARN_64_TO_32_BIT_CONVERSION = YES;
				GCC_WARN_ABOUT_RETURN_TYPE = YES_ERROR;
				GCC_WARN_UNDECLARED_SELECTOR = YES;
				GCC_WARN_UNINITIALIZED_AUTOS = YES_AGGRESSIVE;
				GCC_WARN_UNUSED_FUNCTION = YES;
				GCC_WARN_UNUSED_VARIABLE = YES;
				IPHONEOS_DEPLOYMENT_TARGET = 8.0;
				MTL_ENABLE_DEBUG_INFO = NO;
				SDKROOT = iphoneos;
				VALIDATE_PRODUCT = YES;
			};
			name = Release;
		};
		A7A3A6C01B871DFA00939080 /* Debug */ = {
			isa = XCBuildConfiguration;
			buildSettings = {
				ASSETCATALOG_COMPILER_APPICON_NAME = AppIcon;
				CODE_SIGN_STYLE = Manual;
				DEVELOPMENT_TEAM = 9YWJ3PZHZG;
				INFOPLIST_FILE = DemoGuidePage/Info.plist;
				IPHONEOS_DEPLOYMENT_TARGET = 8.0;
				LD_RUNPATH_SEARCH_PATHS = "$(inherited) @executable_path/Frameworks";
				PRODUCT_BUNDLE_IDENTIFIER = com.byd.DemoGuidePage;
				PRODUCT_NAME = "$(TARGET_NAME)";
				PROVISIONING_PROFILE_SPECIFIER = DevelopmentProfileWildcard;
			};
			name = Debug;
		};
		A7A3A6C11B871DFA00939080 /* Release */ = {
			isa = XCBuildConfiguration;
			buildSettings = {
				ASSETCATALOG_COMPILER_APPICON_NAME = AppIcon;
				CODE_SIGN_STYLE = Manual;
				DEVELOPMENT_TEAM = 9YWJ3PZHZG;
				INFOPLIST_FILE = DemoGuidePage/Info.plist;
				IPHONEOS_DEPLOYMENT_TARGET = 8.0;
				LD_RUNPATH_SEARCH_PATHS = "$(inherited) @executable_path/Frameworks";
				PRODUCT_BUNDLE_IDENTIFIER = com.byd.DemoGuidePage;
				PRODUCT_NAME = "$(TARGET_NAME)";
				PROVISIONING_PROFILE_SPECIFIER = DevelopmentProfileWildcard;
			};
			name = Release;
		};
		A7A3A6C31B871DFA00939080 /* Debug */ = {
			isa = XCBuildConfiguration;
			buildSettings = {
				BUNDLE_LOADER = "$(TEST_HOST)";
				FRAMEWORK_SEARCH_PATHS = (
					"$(SDKROOT)/Developer/Library/Frameworks",
					"$(inherited)",
				);
				GCC_PREPROCESSOR_DEFINITIONS = (
					"DEBUG=1",
					"$(inherited)",
				);
				INFOPLIST_FILE = DemoGuidePageTests/Info.plist;
				LD_RUNPATH_SEARCH_PATHS = "$(inherited) @executable_path/Frameworks @loader_path/Frameworks";
				PRODUCT_NAME = "$(TARGET_NAME)";
				TEST_HOST = "$(BUILT_PRODUCTS_DIR)/DemoGuidePage.app/DemoGuidePage";
			};
			name = Debug;
		};
		A7A3A6C41B871DFA00939080 /* Release */ = {
			isa = XCBuildConfiguration;
			buildSettings = {
				BUNDLE_LOADER = "$(TEST_HOST)";
				FRAMEWORK_SEARCH_PATHS = (
					"$(SDKROOT)/Developer/Library/Frameworks",
					"$(inherited)",
				);
				INFOPLIST_FILE = DemoGuidePageTests/Info.plist;
				LD_RUNPATH_SEARCH_PATHS = "$(inherited) @executable_path/Frameworks @loader_path/Frameworks";
				PRODUCT_NAME = "$(TARGET_NAME)";
				TEST_HOST = "$(BUILT_PRODUCTS_DIR)/DemoGuidePage.app/DemoGuidePage";
			};
			name = Release;
		};
/* End XCBuildConfiguration section */

/* Begin XCConfigurationList section */
		A7A3A6971B871DFA00939080 /* Build configuration list for PBXProject "DemoGuidePage" */ = {
			isa = XCConfigurationList;
			buildConfigurations = (
				A7A3A6BD1B871DFA00939080 /* Debug */,
				A7A3A6BE1B871DFA00939080 /* Release */,
			);
			defaultConfigurationIsVisible = 0;
			defaultConfigurationName = Release;
		};
		A7A3A6BF1B871DFA00939080 /* Build configuration list for PBXNativeTarget "DemoGuidePage" */ = {
			isa = XCConfigurationList;
			buildConfigurations = (
				A7A3A6C01B871DFA00939080 /* Debug */,
				A7A3A6C11B871DFA00939080 /* Release */,
			);
			defaultConfigurationIsVisible = 0;
			defaultConfigurationName = Release;
		};
		A7A3A6C21B871DFA00939080 /* Build configuration list for PBXNativeTarget "DemoGuidePageTests" */ = {
			isa = XCConfigurationList;
			buildConfigurations = (
				A7A3A6C31B871DFA00939080 /* Debug */,
				A7A3A6C41B871DFA00939080 /* Release */,
			);
			defaultConfigurationIsVisible = 0;
			defaultConfigurationName = Release;
		};
/* End XCConfigurationList section */
	};
	rootObject = A7A3A6941B871DFA00939080 /* Project object */;
}
